
Microsoft Visual Studio Solution File, Format Version 12.00
# Visual Studio 15
VisualStudioVersion = 15.0.28307.539
MinimumVisualStudioVersion = 10.0.40219.1
Project("{FAE04EC0-301F-11D3-BF4B-00C04F79EFBC}") = "GoodestBoys", "GoodestBoys\GoodestBoys.csproj", "{C41D844E-586F-49E0-9383-3CF81C34AE49}"
EndProject
Project("{FAE04EC0-301F-11D3-BF4B-00C04F79EFBC}") = "UnitTestProject1", "UnitTestProject1\UnitTestProject1.csproj", "{B8CE0F17-1B29-4FF3-A8C9-7469FBB70E97}"
EndProject
Global
	GlobalSection(SolutionConfigurationPlatforms) = preSolution
		Debug|Any CPU = Debug|Any CPU
		Release|Any CPU = Release|Any CPU
	EndGlobalSection
	GlobalSection(ProjectConfigurationPlatforms) = postSolution
		{C41D844E-586F-49E0-9383-3CF81C34AE49}.Debug|Any CPU.ActiveCfg = Debug|Any CPU
		{C41D844E-586F-49E0-9383-3CF81C34AE49}.Debug|Any CPU.Build.0 = Debug|Any CPU
		{C41D844E-586F-49E0-9383-3CF81C34AE49}.Release|Any CPU.ActiveCfg = Release|Any CPU
		{C41D844E-586F-49E0-9383-3CF81C34AE49}.Release|Any CPU.Build.0 = Release|Any CPU
		{B8CE0F17-1B29-4FF3-A8C9-7469FBB70E97}.Debug|Any CPU.ActiveCfg = Debug|Any CPU
		{B8CE0F17-1B29-4FF3-A8C9-7469FBB70E97}.Debug|Any CPU.Build.0 = Debug|Any CPU
		{B8CE0F17-1B29-4FF3-A8C9-7469FBB70E97}.Release|Any CPU.ActiveCfg = Release|Any CPU
		{B8CE0F17-1B29-4FF3-A8C9-7469FBB70E97}.Release|Any CPU.Build.0 = Release|Any CPU
	EndGlobalSection
	GlobalSection(SolutionProperties) = preSolution
		HideSolutionNode = FALSE
	EndGlobalSection
	GlobalSection(ExtensibilityGlobals) = postSolution
		SolutionGuid = {5153E084-F780-410F-82CF-9EB1D5F78FA9}
	EndGlobalSection
EndGlobal
